
Microsoft Visual Studio Solution File, Format Version 12.00
# Visual Studio Version 17
VisualStudioVersion = 17.5.33502.453
MinimumVisualStudioVersion = 10.0.40219.1
Project("{FAE04EC0-301F-11D3-BF4B-00C04F79EFBC}") = "Horoscope_Ajaplaan.Android", "Horoscope_Ajaplaan\Horoscope_Ajaplaan.Android\Horoscope_Ajaplaan.Android.csproj", "{02D920F9-D57A-4A45-AFE5-C60856262095}"
EndProject
Project("{FAE04EC0-301F-11D3-BF4B-00C04F79EFBC}") = "Horoscope_Ajaplaan.iOS", "Horoscope_Ajaplaan\Horoscope_Ajaplaan.iOS\Horoscope_Ajaplaan.iOS.csproj", "{13C9E31C-890B-430E-8141-C3A6F5205562}"
EndProject
Project("{FAE04EC0-301F-11D3-BF4B-00C04F79EFBC}") = "Horoscope_Ajaplaan", "Horoscope_Ajaplaan\Horoscope_Ajaplaan\Horoscope_Ajaplaan.csproj", "{C4C3600D-C4F8-4443-A738-9B636051FBDD}"
EndProject
Global
	GlobalSection(SolutionConfigurationPlatforms) = preSolution
		Debug|Any CPU = Debug|Any CPU
		Debug|iPhone = Debug|iPhone
		Debug|iPhoneSimulator = Debug|iPhoneSimulator
		Release|Any CPU = Release|Any CPU
		Release|iPhone = Release|iPhone
		Release|iPhoneSimulator = Release|iPhoneSimulator
	EndGlobalSection
	GlobalSection(ProjectConfigurationPlatforms) = postSolution
		{02D920F9-D57A-4A45-AFE5-C60856262095}.Debug|Any CPU.ActiveCfg = Debug|Any CPU
		{02D920F9-D57A-4A45-AFE5-C60856262095}.Debug|Any CPU.Build.0 = Debug|Any CPU
		{02D920F9-D57A-4A45-AFE5-C60856262095}.Debug|Any CPU.Deploy.0 = Debug|Any CPU
		{02D920F9-D57A-4A45-AFE5-C60856262095}.Debug|iPhone.ActiveCfg = Debug|Any CPU
		{02D920F9-D57A-4A45-AFE5-C60856262095}.Debug|iPhone.Build.0 = Debug|Any CPU
		{02D920F9-D57A-4A45-AFE5-C60856262095}.Debug|iPhone.Deploy.0 = Debug|Any CPU
		{02D920F9-D57A-4A45-AFE5-C60856262095}.Debug|iPhoneSimulator.ActiveCfg = Debug|Any CPU
		{02D920F9-D57A-4A45-AFE5-C60856262095}.Debug|iPhoneSimulator.Build.0 = Debug|Any CPU
		{02D920F9-D57A-4A45-AFE5-C60856262095}.Debug|iPhoneSimulator.Deploy.0 = Debug|Any CPU
		{02D920F9-D57A-4A45-AFE5-C60856262095}.Release|Any CPU.ActiveCfg = Release|Any CPU
		{02D920F9-D57A-4A45-AFE5-C60856262095}.Release|Any CPU.Build.0 = Release|Any CPU
		{02D920F9-D57A-4A45-AFE5-C60856262095}.Release|Any CPU.Deploy.0 = Release|Any CPU
		{02D920F9-D57A-4A45-AFE5-C60856262095}.Release|iPhone.ActiveCfg = Release|Any CPU
		{02D920F9-D57A-4A45-AFE5-C60856262095}.Release|iPhone.Build.0 = Release|Any CPU
		{02D920F9-D57A-4A45-AFE5-C60856262095}.Release|iPhone.Deploy.0 = Release|Any CPU
		{02D920F9-D57A-4A45-AFE5-C60856262095}.Release|iPhoneSimulator.ActiveCfg = Release|Any CPU
		{02D920F9-D57A-4A45-AFE5-C60856262095}.Release|iPhoneSimulator.Build.0 = Release|Any CPU
		{02D920F9-D57A-4A45-AFE5-C60856262095}.Release|iPhoneSimulator.Deploy.0 = Release|Any CPU
		{13C9E31C-890B-430E-8141-C3A6F5205562}.Debug|Any CPU.ActiveCfg = Debug|iPhone
		{13C9E31C-890B-430E-8141-C3A6F5205562}.Debug|Any CPU.Build.0 = Debug|iPhone
		{13C9E31C-890B-430E-8141-C3A6F5205562}.Debug|Any CPU.Deploy.0 = Debug|iPhone
		{13C9E31C-890B-430E-8141-C3A6F5205562}.Debug|iPhone.ActiveCfg = Debug|iPhone
		{13C9E31C-890B-430E-8141-C3A6F5205562}.Debug|iPhone.Build.0 = Debug|iPhone
		{13C9E31C-890B-430E-8141-C3A6F5205562}.Debug|iPhone.Deploy.0 = Debug|iPhone
		{13C9E31C-890B-430E-8141-C3A6F5205562}.Debug|iPhoneSimulator.ActiveCfg = Debug|iPhoneSimulator
		{13C9E31C-890B-430E-8141-C3A6F5205562}.Debug|iPhoneSimulator.Build.0 = Debug|iPhoneSimulator
		{13C9E31C-890B-430E-8141-C3A6F5205562}.Debug|iPhoneSimulator.Deploy.0 = Debug|iPhoneSimulator
		{13C9E31C-890B-430E-8141-C3A6F5205562}.Release|Any CPU.ActiveCfg = Release|iPhoneSimulator
		{13C9E31C-890B-430E-8141-C3A6F5205562}.Release|Any CPU.Build.0 = Release|iPhoneSimulator
		{13C9E31C-890B-430E-8141-C3A6F5205562}.Release|Any CPU.Deploy.0 = Release|iPhoneSimulator
		{13C9E31C-890B-430E-8141-C3A6F5205562}.Release|iPhone.ActiveCfg = Release|iPhone
		{13C9E31C-890B-430E-8141-C3A6F5205562}.Release|iPhone.Build.0 = Release|iPhone
		{13C9E31C-890B-430E-8141-C3A6F5205562}.Release|iPhone.Deploy.0 = Release|iPhone
		{13C9E31C-890B-430E-8141-C3A6F5205562}.Release|iPhoneSimulator.ActiveCfg = Release|iPhoneSimulator
		{13C9E31C-890B-430E-8141-C3A6F5205562}.Release|iPhoneSimulator.Build.0 = Release|iPhoneSimulator
		{13C9E31C-890B-430E-8141-C3A6F5205562}.Release|iPhoneSimulator.Deploy.0 = Release|iPhoneSimulator
		{C4C3600D-C4F8-4443-A738-9B636051FBDD}.Debug|Any CPU.ActiveCfg = Debug|Any CPU
		{C4C3600D-C4F8-4443-A738-9B636051FBDD}.Debug|Any CPU.Build.0 = Debug|Any CPU
		{C4C3600D-C4F8-4443-A738-9B636051FBDD}.Debug|Any CPU.Deploy.0 = Debug|Any CPU
		{C4C3600D-C4F8-4443-A738-9B636051FBDD}.Debug|iPhone.ActiveCfg = Debug|Any CPU
		{C4C3600D-C4F8-4443-A738-9B636051FBDD}.Debug|iPhone.Build.0 = Debug|Any CPU
		{C4C3600D-C4F8-4443-A738-9B636051FBDD}.Debug|iPhone.Deploy.0 = Debug|Any CPU
		{C4C3600D-C4F8-4443-A738-9B636051FBDD}.Debug|iPhoneSimulator.ActiveCfg = Debug|Any CPU
		{C4C3600D-C4F8-4443-A738-9B636051FBDD}.Debug|iPhoneSimulator.Build.0 = Debug|Any CPU
		{C4C3600D-C4F8-4443-A738-9B636051FBDD}.Debug|iPhoneSimulator.Deploy.0 = Debug|Any CPU
		{C4C3600D-C4F8-4443-A738-9B636051FBDD}.Release|Any CPU.ActiveCfg = Release|Any CPU
		{C4C3600D-C4F8-4443-A738-9B636051FBDD}.Release|Any CPU.Build.0 = Release|Any CPU
		{C4C3600D-C4F8-4443-A738-9B636051FBDD}.Release|Any CPU.Deploy.0 = Release|Any CPU
		{C4C3600D-C4F8-4443-A738-9B636051FBDD}.Release|iPhone.ActiveCfg = Release|Any CPU
		{C4C3600D-C4F8-4443-A738-9B636051FBDD}.Release|iPhone.Build.0 = Release|Any CPU
		{C4C3600D-C4F8-4443-A738-9B636051FBDD}.Release|iPhone.Deploy.0 = Release|Any CPU
		{C4C3600D-C4F8-4443-A738-9B636051FBDD}.Release|iPhoneSimulator.ActiveCfg = Release|Any CPU
		{C4C3600D-C4F8-4443-A738-9B636051FBDD}.Release|iPhoneSimulator.Build.0 = Release|Any CPU
		{C4C3600D-C4F8-4443-A738-9B636051FBDD}.Release|iPhoneSimulator.Deploy.0 = Release|Any CPU
	EndGlobalSection
	GlobalSection(SolutionProperties) = preSolution
		HideSolutionNode = FALSE
	EndGlobalSection
	GlobalSection(ExtensibilityGlobals) = postSolution
		SolutionGuid = {F81044BC-33BF-43FA-A35D-F6BE798061C6}
	EndGlobalSection
EndGlobal
